// !$*UTF8*$!
{
	archiveVersion = 1;
	classes = {
	};
	objectVersion = 46;
	objects = {

/* Begin PBXBuildFile section */
		0091D8F90E81B9330029341E /* OpenGL.framework in Frameworks */ = {isa = PBXBuildFile; fileRef = 0091D8F80E81B9330029341E /* OpenGL.framework */; };
		0097E3E50F3E9819005A4392 /* QuickTime.framework in Frameworks */ = {isa = PBXBuildFile; fileRef = 0097E3E40F3E9819005A4392 /* QuickTime.framework */; };
		00B784B30FF439BC000DE1D7 /* Accelerate.framework in Frameworks */ = {isa = PBXBuildFile; fileRef = 00B784AF0FF439BC000DE1D7 /* Accelerate.framework */; };
		00B784B40FF439BC000DE1D7 /* AudioToolbox.framework in Frameworks */ = {isa = PBXBuildFile; fileRef = 00B784B00FF439BC000DE1D7 /* AudioToolbox.framework */; };
		00B784B50FF439BC000DE1D7 /* AudioUnit.framework in Frameworks */ = {isa = PBXBuildFile; fileRef = 00B784B10FF439BC000DE1D7 /* AudioUnit.framework */; };
		00B784B60FF439BC000DE1D7 /* CoreAudio.framework in Frameworks */ = {isa = PBXBuildFile; fileRef = 00B784B20FF439BC000DE1D7 /* CoreAudio.framework */; };
		00CCAF15116A9FEE008396D5 /* CinderApp.icns in Resources */ = {isa = PBXBuildFile; fileRef = 00CCAF14116A9FEE008396D5 /* CinderApp.icns */; };
		5323E6B20EAFCA74003A9687 /* CoreVideo.framework in Frameworks */ = {isa = PBXBuildFile; fileRef = 5323E6B10EAFCA74003A9687 /* CoreVideo.framework */; };
		5323E6B60EAFCA7E003A9687 /* QTKit.framework in Frameworks */ = {isa = PBXBuildFile; fileRef = 5323E6B50EAFCA7E003A9687 /* QTKit.framework */; };
		53E3CDFC0E86099300238D2B /* Carbon.framework in Frameworks */ = {isa = PBXBuildFile; fileRef = 53E3CDFB0E86099300238D2B /* Carbon.framework */; };
		8D11072F0486CEB800E47090 /* Cocoa.framework in Frameworks */ = {isa = PBXBuildFile; fileRef = 1058C7A1FEA54F0111CA2CBB /* Cocoa.framework */; };
		9C3751B51A823EFB00489DB3 /* Anchor.cpp in Sources */ = {isa = PBXBuildFile; fileRef = 9C3751911A823EFB00489DB3 /* Anchor.cpp */; };
		9C3751B71A823EFB00489DB3 /* CaptureManager.cpp in Sources */ = {isa = PBXBuildFile; fileRef = 9C3751951A823EFB00489DB3 /* CaptureManager.cpp */; };
		9C3751B81A823EFB00489DB3 /* CursorManager.cpp in Sources */ = {isa = PBXBuildFile; fileRef = 9C3751971A823EFB00489DB3 /* CursorManager.cpp */; };
		9C3751BA1A823EFB00489DB3 /* ImagePlayer.cpp in Sources */ = {isa = PBXBuildFile; fileRef = 9C37519A1A823EFB00489DB3 /* ImagePlayer.cpp */; };
		9C3751BB1A823EFB00489DB3 /* IntroManager.cpp in Sources */ = {isa = PBXBuildFile; fileRef = 9C37519C1A823EFB00489DB3 /* IntroManager.cpp */; };
		9C3751BC1A823EFB00489DB3 /* KinectManager.cpp in Sources */ = {isa = PBXBuildFile; fileRef = 9C37519E1A823EFB00489DB3 /* KinectManager.cpp */; };
		9C3751BD1A823EFB00489DB3 /* Particle.cpp in Sources */ = {isa = PBXBuildFile; fileRef = 9C3751A01A823EFB00489DB3 /* Particle.cpp */; };
		9C3751BF1A823EFB00489DB3 /* ParticleBillBoardTree.cpp in Sources */ = {isa = PBXBuildFile; fileRef = 9C3751A41A823EFB00489DB3 /* ParticleBillBoardTree.cpp */; };
		9C3751C01A823EFB00489DB3 /* Set.cpp in Sources */ = {isa = PBXBuildFile; fileRef = 9C3751A71A823EFB00489DB3 /* Set.cpp */; };
		9C3751C11A823EFB00489DB3 /* shared.cpp in Sources */ = {isa = PBXBuildFile; fileRef = 9C3751A91A823EFB00489DB3 /* shared.cpp */; };
		9C3751C21A823EFB00489DB3 /* SoundPlayer.cpp in Sources */ = {isa = PBXBuildFile; fileRef = 9C3751AB1A823EFB00489DB3 /* SoundPlayer.cpp */; };
		9C3751C31A823EFB00489DB3 /* StereoscopicRenderingApp.cpp in Sources */ = {isa = PBXBuildFile; fileRef = 9C3751AD1A823EFB00489DB3 /* StereoscopicRenderingApp.cpp */; };
		9C3751C41A823EFB00489DB3 /* Subdivision.cpp in Sources */ = {isa = PBXBuildFile; fileRef = 9C3751AF1A823EFB00489DB3 /* Subdivision.cpp */; };
		9C3751C51A823EFB00489DB3 /* Tools.cpp in Sources */ = {isa = PBXBuildFile; fileRef = 9C3751B11A823EFB00489DB3 /* Tools.cpp */; };
		9C3751C61A823EFB00489DB3 /* VideoPlayer.cpp in Sources */ = {isa = PBXBuildFile; fileRef = 9C3751B31A823EFB00489DB3 /* VideoPlayer.cpp */; };
		9C3751C91A825D5C00489DB3 /* TransitionManager.cpp in Sources */ = {isa = PBXBuildFile; fileRef = 9C3751C71A825D5C00489DB3 /* TransitionManager.cpp */; };
		9C400E561A8282AC004A79E2 /* ThreadLoader.cpp in Sources */ = {isa = PBXBuildFile; fileRef = 9C400E541A8282AC004A79E2 /* ThreadLoader.cpp */; };
		9C5BA2AD1A7199CD00A29EE1 /* CinderFreenect.cpp in Sources */ = {isa = PBXBuildFile; fileRef = 9C5BA29C1A7199CD00A29EE1 /* CinderFreenect.cpp */; };
		9C5BA2AE1A7199CD00A29EE1 /* cameras.c in Sources */ = {isa = PBXBuildFile; fileRef = 9C5BA29F1A7199CD00A29EE1 /* cameras.c */; };
		9C5BA2AF1A7199CD00A29EE1 /* core.c in Sources */ = {isa = PBXBuildFile; fileRef = 9C5BA2A11A7199CD00A29EE1 /* core.c */; };
		9C5BA2B01A7199CD00A29EE1 /* registration.c in Sources */ = {isa = PBXBuildFile; fileRef = 9C5BA2A71A7199CD00A29EE1 /* registration.c */; };
		9C5BA2B11A7199CD00A29EE1 /* tilt.c in Sources */ = {isa = PBXBuildFile; fileRef = 9C5BA2A91A7199CD00A29EE1 /* tilt.c */; };
		9C5BA2B21A7199CD00A29EE1 /* usb_libusb10.c in Sources */ = {isa = PBXBuildFile; fileRef = 9C5BA2AA1A7199CD00A29EE1 /* usb_libusb10.c */; };
		9C5BA30E1A71A58F00A29EE1 /* IOKit.framework in Frameworks */ = {isa = PBXBuildFile; fileRef = 9C5BA30D1A71A58F00A29EE1 /* IOKit.framework */; };
		9C5BA3881A71A5F800A29EE1 /* LoadingScreen.png in Resources */ = {isa = PBXBuildFile; fileRef = 9C5BA32C1A71A5F800A29EE1 /* LoadingScreen.png */; };
		9C5BA3AE1A71A5F900A29EE1 /* tutorialCamBack.png in Resources */ = {isa = PBXBuildFile; fileRef = 9C5BA35C1A71A5F800A29EE1 /* tutorialCamBack.png */; };
		9C5BA3AF1A71A5F900A29EE1 /* tutorialCamFront.png in Resources */ = {isa = PBXBuildFile; fileRef = 9C5BA35D1A71A5F800A29EE1 /* tutorialCamFront.png */; };
		9C5BA3B11A71A5F900A29EE1 /* tutorialCursorBack.png in Resources */ = {isa = PBXBuildFile; fileRef = 9C5BA35F1A71A5F800A29EE1 /* tutorialCursorBack.png */; };
		9C5BA3B21A71A5F900A29EE1 /* tutorialCursorFront.png in Resources */ = {isa = PBXBuildFile; fileRef = 9C5BA3601A71A5F800A29EE1 /* tutorialCursorFront.png */; };
		9C5BA3B41A71A5F900A29EE1 /* tutorialKinectBack.png in Resources */ = {isa = PBXBuildFile; fileRef = 9C5BA3621A71A5F800A29EE1 /* tutorialKinectBack.png */; };
		9C5BA3C51A71A66B00A29EE1 /* anaglyph_frag.glsl in Resources */ = {isa = PBXBuildFile; fileRef = 9C5BA3BF1A71A66B00A29EE1 /* anaglyph_frag.glsl */; };
		9C5BA3C61A71A66B00A29EE1 /* anaglyph_vert.glsl in Resources */ = {isa = PBXBuildFile; fileRef = 9C5BA3C01A71A66B00A29EE1 /* anaglyph_vert.glsl */; };
		9C5BA3C71A71A66B00A29EE1 /* interlaced_frag.glsl in Resources */ = {isa = PBXBuildFile; fileRef = 9C5BA3C11A71A66B00A29EE1 /* interlaced_frag.glsl */; };
		9C5BA3C81A71A66B00A29EE1 /* interlaced_vert.glsl in Resources */ = {isa = PBXBuildFile; fileRef = 9C5BA3C21A71A66B00A29EE1 /* interlaced_vert.glsl */; };
		9C5BA3C91A71A66B00A29EE1 /* phong_frag.glsl in Resources */ = {isa = PBXBuildFile; fileRef = 9C5BA3C31A71A66B00A29EE1 /* phong_frag.glsl */; };
		9C5BA3CA1A71A66B00A29EE1 /* phong_vert.glsl in Resources */ = {isa = PBXBuildFile; fileRef = 9C5BA3C41A71A66B00A29EE1 /* phong_vert.glsl */; };
		9C6E49E31A78FDC700ECA994 /* _Setup.xml in Resources */ = {isa = PBXBuildFile; fileRef = 9C6E49E21A78FDC700ECA994 /* _Setup.xml */; };
		9C6E49EA1A79AE4B00ECA994 /* particleTree.png in Resources */ = {isa = PBXBuildFile; fileRef = 9C6E49E51A79AE4A00ECA994 /* particleTree.png */; };
		9C6E49EB1A79AE4B00ECA994 /* particleTree2.png in Resources */ = {isa = PBXBuildFile; fileRef = 9C6E49E61A79AE4A00ECA994 /* particleTree2.png */; };
		9C6E49EC1A79AE4B00ECA994 /* particleTree3.png in Resources */ = {isa = PBXBuildFile; fileRef = 9C6E49E71A79AE4A00ECA994 /* particleTree3.png */; };
		9C6E49ED1A79AE4B00ECA994 /* particleTree4.png in Resources */ = {isa = PBXBuildFile; fileRef = 9C6E49E81A79AE4A00ECA994 /* particleTree4.png */; };
		9C6E49EE1A79AE4B00ECA994 /* particleTree5.png in Resources */ = {isa = PBXBuildFile; fileRef = 9C6E49E91A79AE4A00ECA994 /* particleTree5.png */; };
/* End PBXBuildFile section */

/* Begin PBXFileReference section */
		0091D8F80E81B9330029341E /* OpenGL.framework */ = {isa = PBXFileReference; lastKnownFileType = wrapper.framework; name = OpenGL.framework; path = /System/Library/Frameworks/OpenGL.framework; sourceTree = "<absolute>"; };
		0097E3E40F3E9819005A4392 /* QuickTime.framework */ = {isa = PBXFileReference; lastKnownFileType = wrapper.framework; name = QuickTime.framework; path = /System/Library/Frameworks/QuickTime.framework; sourceTree = "<absolute>"; };
		00B784AF0FF439BC000DE1D7 /* Accelerate.framework */ = {isa = PBXFileReference; lastKnownFileType = wrapper.framework; name = Accelerate.framework; path = System/Library/Frameworks/Accelerate.framework; sourceTree = SDKROOT; };
		00B784B00FF439BC000DE1D7 /* AudioToolbox.framework */ = {isa = PBXFileReference; lastKnownFileType = wrapper.framework; name = AudioToolbox.framework; path = System/Library/Frameworks/AudioToolbox.framework; sourceTree = SDKROOT; };
		00B784B10FF439BC000DE1D7 /* AudioUnit.framework */ = {isa = PBXFileReference; lastKnownFileType = wrapper.framework; name = AudioUnit.framework; path = System/Library/Frameworks/AudioUnit.framework; sourceTree = SDKROOT; };
		00B784B20FF439BC000DE1D7 /* CoreAudio.framework */ = {isa = PBXFileReference; lastKnownFileType = wrapper.framework; name = CoreAudio.framework; path = System/Library/Frameworks/CoreAudio.framework; sourceTree = SDKROOT; };
		00CCAF14116A9FEE008396D5 /* CinderApp.icns */ = {isa = PBXFileReference; lastKnownFileType = image.icns; path = CinderApp.icns; sourceTree = SOURCE_ROOT; };
		1058C7A1FEA54F0111CA2CBB /* Cocoa.framework */ = {isa = PBXFileReference; lastKnownFileType = wrapper.framework; name = Cocoa.framework; path = /System/Library/Frameworks/Cocoa.framework; sourceTree = "<absolute>"; };
		13E42FB307B3F0F600E4EEF1 /* CoreData.framework */ = {isa = PBXFileReference; lastKnownFileType = wrapper.framework; name = CoreData.framework; path = /System/Library/Frameworks/CoreData.framework; sourceTree = "<absolute>"; };
		29B97324FDCFA39411CA2CEA /* AppKit.framework */ = {isa = PBXFileReference; lastKnownFileType = wrapper.framework; name = AppKit.framework; path = /System/Library/Frameworks/AppKit.framework; sourceTree = "<absolute>"; };
		29B97325FDCFA39411CA2CEA /* Foundation.framework */ = {isa = PBXFileReference; lastKnownFileType = wrapper.framework; name = Foundation.framework; path = /System/Library/Frameworks/Foundation.framework; sourceTree = "<absolute>"; };
		32CA4F630368D1EE00C91783 /* StereoscopicRendering_Prefix.pch */ = {isa = PBXFileReference; fileEncoding = 4; lastKnownFileType = sourcecode.c.h; path = StereoscopicRendering_Prefix.pch; sourceTree = "<group>"; };
		5323E6B10EAFCA74003A9687 /* CoreVideo.framework */ = {isa = PBXFileReference; lastKnownFileType = wrapper.framework; name = CoreVideo.framework; path = /System/Library/Frameworks/CoreVideo.framework; sourceTree = "<absolute>"; };
		5323E6B50EAFCA7E003A9687 /* QTKit.framework */ = {isa = PBXFileReference; lastKnownFileType = wrapper.framework; name = QTKit.framework; path = /System/Library/Frameworks/QTKit.framework; sourceTree = "<absolute>"; };
		53E3CDFB0E86099300238D2B /* Carbon.framework */ = {isa = PBXFileReference; lastKnownFileType = wrapper.framework; name = Carbon.framework; path = /System/Library/Frameworks/Carbon.framework; sourceTree = "<absolute>"; };
		8D1107310486CEB800E47090 /* Info.plist */ = {isa = PBXFileReference; fileEncoding = 4; lastKnownFileType = text.plist.xml; path = Info.plist; sourceTree = "<group>"; };
		8D1107320486CEB800E47090 /* StereoscopicRendering.app */ = {isa = PBXFileReference; explicitFileType = wrapper.application; includeInIndex = 0; path = StereoscopicRendering.app; sourceTree = BUILT_PRODUCTS_DIR; };
		9C3751911A823EFB00489DB3 /* Anchor.cpp */ = {isa = PBXFileReference; fileEncoding = 4; lastKnownFileType = sourcecode.cpp.cpp; name = Anchor.cpp; path = ../src/Anchor.cpp; sourceTree = "<group>"; };
		9C3751921A823EFB00489DB3 /* Anchor.h */ = {isa = PBXFileReference; fileEncoding = 4; lastKnownFileType = sourcecode.c.h; name = Anchor.h; path = ../src/Anchor.h; sourceTree = "<group>"; };
		9C3751951A823EFB00489DB3 /* CaptureManager.cpp */ = {isa = PBXFileReference; fileEncoding = 4; lastKnownFileType = sourcecode.cpp.cpp; name = CaptureManager.cpp; path = ../src/CaptureManager.cpp; sourceTree = "<group>"; };
		9C3751961A823EFB00489DB3 /* CaptureManager.h */ = {isa = PBXFileReference; fileEncoding = 4; lastKnownFileType = sourcecode.c.h; name = CaptureManager.h; path = ../src/CaptureManager.h; sourceTree = "<group>"; };
		9C3751971A823EFB00489DB3 /* CursorManager.cpp */ = {isa = PBXFileReference; fileEncoding = 4; lastKnownFileType = sourcecode.cpp.cpp; name = CursorManager.cpp; path = ../src/CursorManager.cpp; sourceTree = "<group>"; };
		9C3751981A823EFB00489DB3 /* CursorManager.h */ = {isa = PBXFileReference; fileEncoding = 4; lastKnownFileType = sourcecode.c.h; name = CursorManager.h; path = ../src/CursorManager.h; sourceTree = "<group>"; };
		9C37519A1A823EFB00489DB3 /* ImagePlayer.cpp */ = {isa = PBXFileReference; fileEncoding = 4; lastKnownFileType = sourcecode.cpp.cpp; name = ImagePlayer.cpp; path = ../src/ImagePlayer.cpp; sourceTree = "<group>"; };
		9C37519B1A823EFB00489DB3 /* ImagePlayer.h */ = {isa = PBXFileReference; fileEncoding = 4; lastKnownFileType = sourcecode.c.h; name = ImagePlayer.h; path = ../src/ImagePlayer.h; sourceTree = "<group>"; };
		9C37519C1A823EFB00489DB3 /* IntroManager.cpp */ = {isa = PBXFileReference; fileEncoding = 4; lastKnownFileType = sourcecode.cpp.cpp; name = IntroManager.cpp; path = ../src/IntroManager.cpp; sourceTree = "<group>"; };
		9C37519D1A823EFB00489DB3 /* IntroManager.h */ = {isa = PBXFileReference; fileEncoding = 4; lastKnownFileType = sourcecode.c.h; name = IntroManager.h; path = ../src/IntroManager.h; sourceTree = "<group>"; };
		9C37519E1A823EFB00489DB3 /* KinectManager.cpp */ = {isa = PBXFileReference; fileEncoding = 4; lastKnownFileType = sourcecode.cpp.cpp; name = KinectManager.cpp; path = ../src/KinectManager.cpp; sourceTree = "<group>"; };
		9C37519F1A823EFB00489DB3 /* KinectManager.h */ = {isa = PBXFileReference; fileEncoding = 4; lastKnownFileType = sourcecode.c.h; name = KinectManager.h; path = ../src/KinectManager.h; sourceTree = "<group>"; };
		9C3751A01A823EFB00489DB3 /* Particle.cpp */ = {isa = PBXFileReference; fileEncoding = 4; lastKnownFileType = sourcecode.cpp.cpp; name = Particle.cpp; path = ../src/Particle.cpp; sourceTree = "<group>"; };
		9C3751A11A823EFB00489DB3 /* Particle.h */ = {isa = PBXFileReference; fileEncoding = 4; lastKnownFileType = sourcecode.c.h; name = Particle.h; path = ../src/Particle.h; sourceTree = "<group>"; };
		9C3751A41A823EFB00489DB3 /* ParticleBillBoardTree.cpp */ = {isa = PBXFileReference; fileEncoding = 4; lastKnownFileType = sourcecode.cpp.cpp; name = ParticleBillBoardTree.cpp; path = ../src/ParticleBillBoardTree.cpp; sourceTree = "<group>"; };
		9C3751A51A823EFB00489DB3 /* ParticleBillBoardTree.h */ = {isa = PBXFileReference; fileEncoding = 4; lastKnownFileType = sourcecode.c.h; name = ParticleBillBoardTree.h; path = ../src/ParticleBillBoardTree.h; sourceTree = "<group>"; };
		9C3751A61A823EFB00489DB3 /* SensorManager.h */ = {isa = PBXFileReference; fileEncoding = 4; lastKnownFileType = sourcecode.c.h; name = SensorManager.h; path = ../src/SensorManager.h; sourceTree = "<group>"; };
		9C3751A71A823EFB00489DB3 /* Set.cpp */ = {isa = PBXFileReference; fileEncoding = 4; lastKnownFileType = sourcecode.cpp.cpp; name = Set.cpp; path = ../src/Set.cpp; sourceTree = "<group>"; };
		9C3751A81A823EFB00489DB3 /* Set.h */ = {isa = PBXFileReference; fileEncoding = 4; lastKnownFileType = sourcecode.c.h; name = Set.h; path = ../src/Set.h; sourceTree = "<group>"; };
		9C3751A91A823EFB00489DB3 /* shared.cpp */ = {isa = PBXFileReference; fileEncoding = 4; lastKnownFileType = sourcecode.cpp.cpp; name = shared.cpp; path = ../src/shared.cpp; sourceTree = "<group>"; };
		9C3751AA1A823EFB00489DB3 /* shared.h */ = {isa = PBXFileReference; fileEncoding = 4; lastKnownFileType = sourcecode.c.h; name = shared.h; path = ../src/shared.h; sourceTree = "<group>"; };
		9C3751AB1A823EFB00489DB3 /* SoundPlayer.cpp */ = {isa = PBXFileReference; fileEncoding = 4; lastKnownFileType = sourcecode.cpp.cpp; name = SoundPlayer.cpp; path = ../src/SoundPlayer.cpp; sourceTree = "<group>"; };
		9C3751AC1A823EFB00489DB3 /* SoundPlayer.h */ = {isa = PBXFileReference; fileEncoding = 4; lastKnownFileType = sourcecode.c.h; name = SoundPlayer.h; path = ../src/SoundPlayer.h; sourceTree = "<group>"; };
		9C3751AD1A823EFB00489DB3 /* StereoscopicRenderingApp.cpp */ = {isa = PBXFileReference; fileEncoding = 4; lastKnownFileType = sourcecode.cpp.cpp; name = StereoscopicRenderingApp.cpp; path = ../src/StereoscopicRenderingApp.cpp; sourceTree = "<group>"; };
		9C3751AE1A823EFB00489DB3 /* StereoscopicRenderingApp.h */ = {isa = PBXFileReference; fileEncoding = 4; lastKnownFileType = sourcecode.c.h; name = StereoscopicRenderingApp.h; path = ../src/StereoscopicRenderingApp.h; sourceTree = "<group>"; };
		9C3751AF1A823EFB00489DB3 /* Subdivision.cpp */ = {isa = PBXFileReference; fileEncoding = 4; lastKnownFileType = sourcecode.cpp.cpp; name = Subdivision.cpp; path = ../src/Subdivision.cpp; sourceTree = "<group>"; };
		9C3751B01A823EFB00489DB3 /* Subdivision.h */ = {isa = PBXFileReference; fileEncoding = 4; lastKnownFileType = sourcecode.c.h; name = Subdivision.h; path = ../src/Subdivision.h; sourceTree = "<group>"; };
		9C3751B11A823EFB00489DB3 /* Tools.cpp */ = {isa = PBXFileReference; fileEncoding = 4; lastKnownFileType = sourcecode.cpp.cpp; name = Tools.cpp; path = ../src/Tools.cpp; sourceTree = "<group>"; };
		9C3751B21A823EFB00489DB3 /* Tools.h */ = {isa = PBXFileReference; fileEncoding = 4; lastKnownFileType = sourcecode.c.h; name = Tools.h; path = ../src/Tools.h; sourceTree = "<group>"; };
		9C3751B31A823EFB00489DB3 /* VideoPlayer.cpp */ = {isa = PBXFileReference; fileEncoding = 4; lastKnownFileType = sourcecode.cpp.cpp; name = VideoPlayer.cpp; path = ../src/VideoPlayer.cpp; sourceTree = "<group>"; };
		9C3751B41A823EFB00489DB3 /* VideoPlayer.h */ = {isa = PBXFileReference; fileEncoding = 4; lastKnownFileType = sourcecode.c.h; name = VideoPlayer.h; path = ../src/VideoPlayer.h; sourceTree = "<group>"; };
		9C3751C71A825D5C00489DB3 /* TransitionManager.cpp */ = {isa = PBXFileReference; fileEncoding = 4; lastKnownFileType = sourcecode.cpp.cpp; name = TransitionManager.cpp; path = ../src/TransitionManager.cpp; sourceTree = "<group>"; };
		9C3751C81A825D5C00489DB3 /* TransitionManager.h */ = {isa = PBXFileReference; fileEncoding = 4; lastKnownFileType = sourcecode.c.h; name = TransitionManager.h; path = ../src/TransitionManager.h; sourceTree = "<group>"; };
		9C400E541A8282AC004A79E2 /* ThreadLoader.cpp */ = {isa = PBXFileReference; fileEncoding = 4; lastKnownFileType = sourcecode.cpp.cpp; name = ThreadLoader.cpp; path = "../../-Mozza/src/ThreadLoader.cpp"; sourceTree = "<group>"; };
		9C400E551A8282AC004A79E2 /* ThreadLoader.h */ = {isa = PBXFileReference; fileEncoding = 4; lastKnownFileType = sourcecode.c.h; name = ThreadLoader.h; path = "../../-Mozza/src/ThreadLoader.h"; sourceTree = "<group>"; };
		9C5BA29C1A7199CD00A29EE1 /* CinderFreenect.cpp */ = {isa = PBXFileReference; fileEncoding = 4; lastKnownFileType = sourcecode.cpp.cpp; path = CinderFreenect.cpp; sourceTree = "<group>"; };
		9C5BA29D1A7199CD00A29EE1 /* CinderFreenect.h */ = {isa = PBXFileReference; fileEncoding = 4; lastKnownFileType = sourcecode.c.h; path = CinderFreenect.h; sourceTree = "<group>"; };
		9C5BA29F1A7199CD00A29EE1 /* cameras.c */ = {isa = PBXFileReference; fileEncoding = 4; lastKnownFileType = sourcecode.c.c; path = cameras.c; sourceTree = "<group>"; };
		9C5BA2A11A7199CD00A29EE1 /* core.c */ = {isa = PBXFileReference; fileEncoding = 4; lastKnownFileType = sourcecode.c.c; path = core.c; sourceTree = "<group>"; };
		9C5BA2A71A7199CD00A29EE1 /* registration.c */ = {isa = PBXFileReference; fileEncoding = 4; lastKnownFileType = sourcecode.c.c; path = registration.c; sourceTree = "<group>"; };
		9C5BA2A91A7199CD00A29EE1 /* tilt.c */ = {isa = PBXFileReference; fileEncoding = 4; lastKnownFileType = sourcecode.c.c; path = tilt.c; sourceTree = "<group>"; };
		9C5BA2AA1A7199CD00A29EE1 /* usb_libusb10.c */ = {isa = PBXFileReference; fileEncoding = 4; lastKnownFileType = sourcecode.c.c; path = usb_libusb10.c; sourceTree = "<group>"; };
		9C5BA30D1A71A58F00A29EE1 /* IOKit.framework */ = {isa = PBXFileReference; lastKnownFileType = wrapper.framework; name = IOKit.framework; path = System/Library/Frameworks/IOKit.framework; sourceTree = SDKROOT; };
		9C5BA32C1A71A5F800A29EE1 /* LoadingScreen.png */ = {isa = PBXFileReference; lastKnownFileType = image.png; path = LoadingScreen.png; sourceTree = "<group>"; };
		9C5BA35C1A71A5F800A29EE1 /* tutorialCamBack.png */ = {isa = PBXFileReference; lastKnownFileType = image.png; path = tutorialCamBack.png; sourceTree = "<group>"; };
		9C5BA35D1A71A5F800A29EE1 /* tutorialCamFront.png */ = {isa = PBXFileReference; lastKnownFileType = image.png; path = tutorialCamFront.png; sourceTree = "<group>"; };
		9C5BA35F1A71A5F800A29EE1 /* tutorialCursorBack.png */ = {isa = PBXFileReference; lastKnownFileType = image.png; path = tutorialCursorBack.png; sourceTree = "<group>"; };
		9C5BA3601A71A5F800A29EE1 /* tutorialCursorFront.png */ = {isa = PBXFileReference; lastKnownFileType = image.png; path = tutorialCursorFront.png; sourceTree = "<group>"; };
		9C5BA3621A71A5F800A29EE1 /* tutorialKinectBack.png */ = {isa = PBXFileReference; lastKnownFileType = image.png; path = tutorialKinectBack.png; sourceTree = "<group>"; };
		9C5BA3BF1A71A66B00A29EE1 /* anaglyph_frag.glsl */ = {isa = PBXFileReference; fileEncoding = 4; lastKnownFileType = text; path = anaglyph_frag.glsl; sourceTree = "<group>"; };
		9C5BA3C01A71A66B00A29EE1 /* anaglyph_vert.glsl */ = {isa = PBXFileReference; fileEncoding = 4; lastKnownFileType = text; path = anaglyph_vert.glsl; sourceTree = "<group>"; };
		9C5BA3C11A71A66B00A29EE1 /* interlaced_frag.glsl */ = {isa = PBXFileReference; fileEncoding = 4; lastKnownFileType = text; path = interlaced_frag.glsl; sourceTree = "<group>"; };
		9C5BA3C21A71A66B00A29EE1 /* interlaced_vert.glsl */ = {isa = PBXFileReference; fileEncoding = 4; lastKnownFileType = text; path = interlaced_vert.glsl; sourceTree = "<group>"; };
		9C5BA3C31A71A66B00A29EE1 /* phong_frag.glsl */ = {isa = PBXFileReference; fileEncoding = 4; lastKnownFileType = text; path = phong_frag.glsl; sourceTree = "<group>"; };
		9C5BA3C41A71A66B00A29EE1 /* phong_vert.glsl */ = {isa = PBXFileReference; fileEncoding = 4; lastKnownFileType = text; path = phong_vert.glsl; sourceTree = "<group>"; };
		9C6E49E21A78FDC700ECA994 /* _Setup.xml */ = {isa = PBXFileReference; fileEncoding = 4; lastKnownFileType = text.xml; name = _Setup.xml; path = ../resources/_Setup.xml; sourceTree = "<group>"; };
		9C6E49E51A79AE4A00ECA994 /* particleTree.png */ = {isa = PBXFileReference; lastKnownFileType = image.png; path = particleTree.png; sourceTree = "<group>"; };
		9C6E49E61A79AE4A00ECA994 /* particleTree2.png */ = {isa = PBXFileReference; lastKnownFileType = image.png; path = particleTree2.png; sourceTree = "<group>"; };
		9C6E49E71A79AE4A00ECA994 /* particleTree3.png */ = {isa = PBXFileReference; lastKnownFileType = image.png; path = particleTree3.png; sourceTree = "<group>"; };
		9C6E49E81A79AE4A00ECA994 /* particleTree4.png */ = {isa = PBXFileReference; lastKnownFileType = image.png; path = particleTree4.png; sourceTree = "<group>"; };
		9C6E49E91A79AE4A00ECA994 /* particleTree5.png */ = {isa = PBXFileReference; lastKnownFileType = image.png; path = particleTree5.png; sourceTree = "<group>"; };
/* End PBXFileReference section */

/* Begin PBXFrameworksBuildPhase section */
		8D11072E0486CEB800E47090 /* Frameworks */ = {
			isa = PBXFrameworksBuildPhase;
			buildActionMask = 2147483647;
			files = (
				9C5BA30E1A71A58F00A29EE1 /* IOKit.framework in Frameworks */,
				8D11072F0486CEB800E47090 /* Cocoa.framework in Frameworks */,
				0091D8F90E81B9330029341E /* OpenGL.framework in Frameworks */,
				53E3CDFC0E86099300238D2B /* Carbon.framework in Frameworks */,
				5323E6B20EAFCA74003A9687 /* CoreVideo.framework in Frameworks */,
				5323E6B60EAFCA7E003A9687 /* QTKit.framework in Frameworks */,
				0097E3E50F3E9819005A4392 /* QuickTime.framework in Frameworks */,
				00B784B30FF439BC000DE1D7 /* Accelerate.framework in Frameworks */,
				00B784B40FF439BC000DE1D7 /* AudioToolbox.framework in Frameworks */,
				00B784B50FF439BC000DE1D7 /* AudioUnit.framework in Frameworks */,
				00B784B60FF439BC000DE1D7 /* CoreAudio.framework in Frameworks */,
			);
			runOnlyForDeploymentPostprocessing = 0;
		};
/* End PBXFrameworksBuildPhase section */

/* Begin PBXGroup section */
		080E96DDFE201D6D7F000001 /* Source */ = {
			isa = PBXGroup;
			children = (
				9C3751911A823EFB00489DB3 /* Anchor.cpp */,
				9C3751921A823EFB00489DB3 /* Anchor.h */,
				9C3751951A823EFB00489DB3 /* CaptureManager.cpp */,
				9C3751961A823EFB00489DB3 /* CaptureManager.h */,
				9C3751971A823EFB00489DB3 /* CursorManager.cpp */,
				9C3751981A823EFB00489DB3 /* CursorManager.h */,
				9C37519A1A823EFB00489DB3 /* ImagePlayer.cpp */,
				9C37519B1A823EFB00489DB3 /* ImagePlayer.h */,
				9C37519C1A823EFB00489DB3 /* IntroManager.cpp */,
				9C37519D1A823EFB00489DB3 /* IntroManager.h */,
				9C37519E1A823EFB00489DB3 /* KinectManager.cpp */,
				9C37519F1A823EFB00489DB3 /* KinectManager.h */,
				9C3751A01A823EFB00489DB3 /* Particle.cpp */,
				9C3751A11A823EFB00489DB3 /* Particle.h */,
				9C3751A41A823EFB00489DB3 /* ParticleBillBoardTree.cpp */,
				9C3751A51A823EFB00489DB3 /* ParticleBillBoardTree.h */,
				9C3751A61A823EFB00489DB3 /* SensorManager.h */,
				9C3751A71A823EFB00489DB3 /* Set.cpp */,
				9C3751A81A823EFB00489DB3 /* Set.h */,
				9C3751A91A823EFB00489DB3 /* shared.cpp */,
				9C3751AA1A823EFB00489DB3 /* shared.h */,
				9C3751AB1A823EFB00489DB3 /* SoundPlayer.cpp */,
				9C3751AC1A823EFB00489DB3 /* SoundPlayer.h */,
				9C3751AD1A823EFB00489DB3 /* StereoscopicRenderingApp.cpp */,
				9C3751AE1A823EFB00489DB3 /* StereoscopicRenderingApp.h */,
				9C3751AF1A823EFB00489DB3 /* Subdivision.cpp */,
				9C3751B01A823EFB00489DB3 /* Subdivision.h */,
				9C3751B11A823EFB00489DB3 /* Tools.cpp */,
				9C3751B21A823EFB00489DB3 /* Tools.h */,
				9C3751B31A823EFB00489DB3 /* VideoPlayer.cpp */,
				9C3751B41A823EFB00489DB3 /* VideoPlayer.h */,
				9C3751C71A825D5C00489DB3 /* TransitionManager.cpp */,
				9C3751C81A825D5C00489DB3 /* TransitionManager.h */,
				9C400E541A8282AC004A79E2 /* ThreadLoader.cpp */,
				9C400E551A8282AC004A79E2 /* ThreadLoader.h */,
			);
			name = Source;
			sourceTree = "<group>";
		};
		1058C7A0FEA54F0111CA2CBB /* Linked Frameworks */ = {
			isa = PBXGroup;
			children = (
				00B784AF0FF439BC000DE1D7 /* Accelerate.framework */,
				00B784B00FF439BC000DE1D7 /* AudioToolbox.framework */,
				00B784B10FF439BC000DE1D7 /* AudioUnit.framework */,
				00B784B20FF439BC000DE1D7 /* CoreAudio.framework */,
				0097E3E40F3E9819005A4392 /* QuickTime.framework */,
				5323E6B50EAFCA7E003A9687 /* QTKit.framework */,
				5323E6B10EAFCA74003A9687 /* CoreVideo.framework */,
				53E3CDFB0E86099300238D2B /* Carbon.framework */,
				0091D8F80E81B9330029341E /* OpenGL.framework */,
				1058C7A1FEA54F0111CA2CBB /* Cocoa.framework */,
			);
			name = "Linked Frameworks";
			sourceTree = "<group>";
		};
		1058C7A2FEA54F0111CA2CBB /* Other Frameworks */ = {
			isa = PBXGroup;
			children = (
				29B97324FDCFA39411CA2CEA /* AppKit.framework */,
				13E42FB307B3F0F600E4EEF1 /* CoreData.framework */,
				29B97325FDCFA39411CA2CEA /* Foundation.framework */,
			);
			name = "Other Frameworks";
			sourceTree = "<group>";
		};
		19C28FACFE9D520D11CA2CBB /* Products */ = {
			isa = PBXGroup;
			children = (
				8D1107320486CEB800E47090 /* StereoscopicRendering.app */,
			);
			name = Products;
			sourceTree = "<group>";
		};
		29B97314FDCFA39411CA2CEA /* StereoscopicRendering */ = {
			isa = PBXGroup;
			children = (
				9C5BA2961A7199CD00A29EE1 /* blocks */,
				29B97315FDCFA39411CA2CEA /* Headers */,
				080E96DDFE201D6D7F000001 /* Source */,
				29B97317FDCFA39411CA2CEA /* Resources */,
				29B97323FDCFA39411CA2CEA /* Frameworks */,
				19C28FACFE9D520D11CA2CBB /* Products */,
			);
			name = StereoscopicRendering;
			sourceTree = "<group>";
		};
		29B97315FDCFA39411CA2CEA /* Headers */ = {
			isa = PBXGroup;
			children = (
				32CA4F630368D1EE00C91783 /* StereoscopicRendering_Prefix.pch */,
			);
			name = Headers;
			sourceTree = "<group>";
		};
		29B97317FDCFA39411CA2CEA /* Resources */ = {
			isa = PBXGroup;
			children = (
				9C6E49E41A79AE4A00ECA994 /* Particles */,
				9C6E49E21A78FDC700ECA994 /* _Setup.xml */,
				9C5BA3BE1A71A66B00A29EE1 /* shaders */,
				9C5BA32B1A71A5F800A29EE1 /* Loading */,
				9C5BA35A1A71A5F800A29EE1 /* SceneTutorial */,
				8D1107310486CEB800E47090 /* Info.plist */,
				00CCAF14116A9FEE008396D5 /* CinderApp.icns */,
			);
			name = Resources;
			sourceTree = "<group>";
		};
		29B97323FDCFA39411CA2CEA /* Frameworks */ = {
			isa = PBXGroup;
			children = (
				9C5BA30D1A71A58F00A29EE1 /* IOKit.framework */,
				1058C7A0FEA54F0111CA2CBB /* Linked Frameworks */,
				1058C7A2FEA54F0111CA2CBB /* Other Frameworks */,
			);
			name = Frameworks;
			sourceTree = "<group>";
		};
		9C5BA2961A7199CD00A29EE1 /* blocks */ = {
			isa = PBXGroup;
			children = (
				9C5BA2971A7199CD00A29EE1 /* Cinder-Freenect */,
			);
			name = blocks;
			path = "../../../../cinder_0.8.5_mac/samples/-ArtUndergroundStereoscopic/blocks";
			sourceTree = "<group>";
		};
		9C5BA2971A7199CD00A29EE1 /* Cinder-Freenect */ = {
			isa = PBXGroup;
			children = (
				9C5BA29B1A7199CD00A29EE1 /* src */,
			);
			path = "Cinder-Freenect";
			sourceTree = "<group>";
		};
		9C5BA29B1A7199CD00A29EE1 /* src */ = {
			isa = PBXGroup;
			children = (
				9C5BA29C1A7199CD00A29EE1 /* CinderFreenect.cpp */,
				9C5BA29D1A7199CD00A29EE1 /* CinderFreenect.h */,
				9C5BA29E1A7199CD00A29EE1 /* freenect */,
			);
			path = src;
			sourceTree = "<group>";
		};
		9C5BA29E1A7199CD00A29EE1 /* freenect */ = {
			isa = PBXGroup;
			children = (
				9C5BA29F1A7199CD00A29EE1 /* cameras.c */,
				9C5BA2A11A7199CD00A29EE1 /* core.c */,
				9C5BA2A71A7199CD00A29EE1 /* registration.c */,
				9C5BA2A91A7199CD00A29EE1 /* tilt.c */,
				9C5BA2AA1A7199CD00A29EE1 /* usb_libusb10.c */,
			);
			path = freenect;
			sourceTree = "<group>";
		};
		9C5BA32B1A71A5F800A29EE1 /* Loading */ = {
			isa = PBXGroup;
			children = (
				9C5BA32C1A71A5F800A29EE1 /* LoadingScreen.png */,
			);
			name = Loading;
			path = ../resources/Loading;
			sourceTree = "<group>";
		};
		9C5BA35A1A71A5F800A29EE1 /* SceneTutorial */ = {
			isa = PBXGroup;
			children = (
				9C5BA35C1A71A5F800A29EE1 /* tutorialCamBack.png */,
				9C5BA35D1A71A5F800A29EE1 /* tutorialCamFront.png */,
				9C5BA35F1A71A5F800A29EE1 /* tutorialCursorBack.png */,
				9C5BA3601A71A5F800A29EE1 /* tutorialCursorFront.png */,
				9C5BA3621A71A5F800A29EE1 /* tutorialKinectBack.png */,
			);
			name = SceneTutorial;
			path = ../resources/SceneTutorial;
			sourceTree = "<group>";
		};
		9C5BA3BE1A71A66B00A29EE1 /* shaders */ = {
			isa = PBXGroup;
			children = (
				9C5BA3BF1A71A66B00A29EE1 /* anaglyph_frag.glsl */,
				9C5BA3C01A71A66B00A29EE1 /* anaglyph_vert.glsl */,
				9C5BA3C11A71A66B00A29EE1 /* interlaced_frag.glsl */,
				9C5BA3C21A71A66B00A29EE1 /* interlaced_vert.glsl */,
				9C5BA3C31A71A66B00A29EE1 /* phong_frag.glsl */,
				9C5BA3C41A71A66B00A29EE1 /* phong_vert.glsl */,
			);
			name = shaders;
			path = ../assets/shaders;
			sourceTree = "<group>";
		};
		9C6E49E41A79AE4A00ECA994 /* Particles */ = {
			isa = PBXGroup;
			children = (
				9C6E49E51A79AE4A00ECA994 /* particleTree.png */,
				9C6E49E61A79AE4A00ECA994 /* particleTree2.png */,
				9C6E49E71A79AE4A00ECA994 /* particleTree3.png */,
				9C6E49E81A79AE4A00ECA994 /* particleTree4.png */,
				9C6E49E91A79AE4A00ECA994 /* particleTree5.png */,
			);
			name = Particles;
			path = ../resources/Particles;
			sourceTree = "<group>";
		};
/* End PBXGroup section */

/* Begin PBXNativeTarget section */
		8D1107260486CEB800E47090 /* StereoscopicRendering */ = {
			isa = PBXNativeTarget;
			buildConfigurationList = C01FCF4A08A954540054247B /* Build configuration list for PBXNativeTarget "StereoscopicRendering" */;
			buildPhases = (
				8D1107290486CEB800E47090 /* Resources */,
				8D11072C0486CEB800E47090 /* Sources */,
				8D11072E0486CEB800E47090 /* Frameworks */,
			);
			buildRules = (
			);
			dependencies = (
			);
			name = StereoscopicRendering;
			productInstallPath = "$(HOME)/Applications";
			productName = StereoscopicRendering;
			productReference = 8D1107320486CEB800E47090 /* StereoscopicRendering.app */;
			productType = "com.apple.product-type.application";
		};
/* End PBXNativeTarget section */

/* Begin PBXProject section */
		29B97313FDCFA39411CA2CEA /* Project object */ = {
			isa = PBXProject;
			attributes = {
				LastUpgradeCheck = 0440;
			};
			buildConfigurationList = C01FCF4E08A954540054247B /* Build configuration list for PBXProject "StereoscopicRendering" */;
			compatibilityVersion = "Xcode 3.2";
			developmentRegion = English;
			hasScannedForEncodings = 1;
			knownRegions = (
				en,
			);
			mainGroup = 29B97314FDCFA39411CA2CEA /* StereoscopicRendering */;
			projectDirPath = "";
			projectRoot = "";
			targets = (
				8D1107260486CEB800E47090 /* StereoscopicRendering */,
			);
		};
/* End PBXProject section */

/* Begin PBXResourcesBuildPhase section */
		8D1107290486CEB800E47090 /* Resources */ = {
			isa = PBXResourcesBuildPhase;
			buildActionMask = 2147483647;
			files = (
				9C6E49EA1A79AE4B00ECA994 /* particleTree.png in Resources */,
				9C5BA3B21A71A5F900A29EE1 /* tutorialCursorFront.png in Resources */,
				9C5BA3C51A71A66B00A29EE1 /* anaglyph_frag.glsl in Resources */,
				9C5BA3C61A71A66B00A29EE1 /* anaglyph_vert.glsl in Resources */,
				9C5BA3C81A71A66B00A29EE1 /* interlaced_vert.glsl in Resources */,
				9C6E49EC1A79AE4B00ECA994 /* particleTree3.png in Resources */,
				9C6E49E31A78FDC700ECA994 /* _Setup.xml in Resources */,
				00CCAF15116A9FEE008396D5 /* CinderApp.icns in Resources */,
				9C5BA3881A71A5F800A29EE1 /* LoadingScreen.png in Resources */,
				9C5BA3AE1A71A5F900A29EE1 /* tutorialCamBack.png in Resources */,
				9C5BA3CA1A71A66B00A29EE1 /* phong_vert.glsl in Resources */,
				9C5BA3C91A71A66B00A29EE1 /* phong_frag.glsl in Resources */,
				9C5BA3AF1A71A5F900A29EE1 /* tutorialCamFront.png in Resources */,
				9C6E49EE1A79AE4B00ECA994 /* particleTree5.png in Resources */,
				9C5BA3B41A71A5F900A29EE1 /* tutorialKinectBack.png in Resources */,
				9C5BA3C71A71A66B00A29EE1 /* interlaced_frag.glsl in Resources */,
				9C6E49EB1A79AE4B00ECA994 /* particleTree2.png in Resources */,
				9C6E49ED1A79AE4B00ECA994 /* particleTree4.png in Resources */,
				9C5BA3B11A71A5F900A29EE1 /* tutorialCursorBack.png in Resources */,
			);
			runOnlyForDeploymentPostprocessing = 0;
		};
/* End PBXResourcesBuildPhase section */

/* Begin PBXSourcesBuildPhase section */
		8D11072C0486CEB800E47090 /* Sources */ = {
			isa = PBXSourcesBuildPhase;
			buildActionMask = 2147483647;
			files = (
				9C3751C31A823EFB00489DB3 /* StereoscopicRenderingApp.cpp in Sources */,
				9C3751BA1A823EFB00489DB3 /* ImagePlayer.cpp in Sources */,
				9C3751C91A825D5C00489DB3 /* TransitionManager.cpp in Sources */,
				9C400E561A8282AC004A79E2 /* ThreadLoader.cpp in Sources */,
				9C3751BD1A823EFB00489DB3 /* Particle.cpp in Sources */,
				9C3751B71A823EFB00489DB3 /* CaptureManager.cpp in Sources */,
				9C5BA2AF1A7199CD00A29EE1 /* core.c in Sources */,
				9C3751C41A823EFB00489DB3 /* Subdivision.cpp in Sources */,
				9C3751C51A823EFB00489DB3 /* Tools.cpp in Sources */,
				9C5BA2B01A7199CD00A29EE1 /* registration.c in Sources */,
				9C3751B81A823EFB00489DB3 /* CursorManager.cpp in Sources */,
				9C3751BB1A823EFB00489DB3 /* IntroManager.cpp in Sources */,
				9C5BA2AD1A7199CD00A29EE1 /* CinderFreenect.cpp in Sources */,
				9C3751C61A823EFB00489DB3 /* VideoPlayer.cpp in Sources */,
				9C3751C11A823EFB00489DB3 /* shared.cpp in Sources */,
				9C3751C21A823EFB00489DB3 /* SoundPlayer.cpp in Sources */,
				9C5BA2B11A7199CD00A29EE1 /* tilt.c in Sources */,
				9C3751BF1A823EFB00489DB3 /* ParticleBillBoardTree.cpp in Sources */,
				9C3751C01A823EFB00489DB3 /* Set.cpp in Sources */,
				9C3751BC1A823EFB00489DB3 /* KinectManager.cpp in Sources */,
				9C3751B51A823EFB00489DB3 /* Anchor.cpp in Sources */,
				9C5BA2B21A7199CD00A29EE1 /* usb_libusb10.c in Sources */,
				9C5BA2AE1A7199CD00A29EE1 /* cameras.c in Sources */,
			);
			runOnlyForDeploymentPostprocessing = 0;
		};
/* End PBXSourcesBuildPhase section */

/* Begin XCBuildConfiguration section */
		C01FCF4B08A954540054247B /* Debug */ = {
			isa = XCBuildConfiguration;
			buildSettings = {
				ARCHS = "$(ARCHS_STANDARD_32_BIT)";
				COMBINE_HIDPI_IMAGES = YES;
				COPY_PHASE_STRIP = NO;
				GCC_DYNAMIC_NO_PIC = NO;
				GCC_INLINES_ARE_PRIVATE_EXTERN = YES;
				GCC_MODEL_TUNING = G5;
				GCC_OPTIMIZATION_LEVEL = 0;
				GCC_PRECOMPILE_PREFIX_HEADER = YES;
				GCC_PREFIX_HEADER = StereoscopicRendering_Prefix.pch;
				GCC_SYMBOLS_PRIVATE_EXTERN = NO;
				HEADER_SEARCH_PATHS = (
					"\"$(CINDER_PATH)/boost\"",
					"\"$(SRCROOT)/../blocks/Cinder-Freenect/src/freenect\"",
				);
				INFOPLIST_FILE = Info.plist;
				INSTALL_PATH = "$(HOME)/Applications";
				LIBRARY_SEARCH_PATHS = "$(inherited)";
				OTHER_LDFLAGS = (
					"\"$(SRCROOT)/../blocks/Cinder-Freenect/lib/macosx/libusb-1.0.a\"",
					../../../lib/libcinder_d.a,
				);
				PRODUCT_NAME = StereoscopicRendering;
				SDKROOT = macosx;
				SYMROOT = ./build;
				USER_HEADER_SEARCH_PATHS = "\"$(CINDER_PATH)/include\" ../include \"$(SRCROOT)/../blocks/Cinder-Freenect/src\"";
				WRAPPER_EXTENSION = app;
			};
			name = Debug;
		};
		C01FCF4C08A954540054247B /* Release */ = {
			isa = XCBuildConfiguration;
			buildSettings = {
				ARCHS = "$(ARCHS_STANDARD_32_BIT)";
				COMBINE_HIDPI_IMAGES = YES;
				DEAD_CODE_STRIPPING = YES;
				DEBUG_INFORMATION_FORMAT = "dwarf-with-dsym";
				GCC_FAST_MATH = YES;
				GCC_GENERATE_DEBUGGING_SYMBOLS = NO;
				GCC_INLINES_ARE_PRIVATE_EXTERN = YES;
				GCC_MODEL_TUNING = G5;
				GCC_OPTIMIZATION_LEVEL = 3;
				GCC_PRECOMPILE_PREFIX_HEADER = YES;
				GCC_PREFIX_HEADER = StereoscopicRendering_Prefix.pch;
				GCC_SYMBOLS_PRIVATE_EXTERN = NO;
				HEADER_SEARCH_PATHS = (
					"\"$(CINDER_PATH)/boost\"",
					"\"$(SRCROOT)/../blocks/Cinder-Freenect/src/freenect\"",
				);
				INFOPLIST_FILE = Info.plist;
				INSTALL_PATH = "$(HOME)/Applications";
				LIBRARY_SEARCH_PATHS = "$(inherited)";
				OTHER_LDFLAGS = (
					"\"$(SRCROOT)/../blocks/Cinder-Freenect/lib/macosx/libusb-1.0.a\"",
					../../../lib/libcinder_d.a,
				);
				PRODUCT_NAME = StereoscopicRendering;
				SDKROOT = macosx;
				STRIP_INSTALLED_PRODUCT = YES;
				SYMROOT = ./build;
				USER_HEADER_SEARCH_PATHS = "\"$(CINDER_PATH)/include\" ../include \"$(SRCROOT)/../blocks/Cinder-Freenect/src\"";
				WRAPPER_EXTENSION = app;
			};
			name = Release;
		};
		C01FCF4F08A954540054247B /* Debug */ = {
			isa = XCBuildConfiguration;
			buildSettings = {
				ALWAYS_SEARCH_USER_PATHS = NO;
				ARCHS = i386;
				CINDER_PATH = ../../../;
				CLANG_CXX_LANGUAGE_STANDARD = "c++0x";
				CLANG_CXX_LIBRARY = "libc++";
				GCC_WARN_ABOUT_RETURN_TYPE = YES;
				GCC_WARN_UNUSED_VARIABLE = YES;
				HEADER_SEARCH_PATHS = "\"$(CINDER_PATH)/boost\"";
				MACOSX_DEPLOYMENT_TARGET = 10.7;
				USER_HEADER_SEARCH_PATHS = "\"$(CINDER_PATH)/include\" ../include";
			};
			name = Debug;
		};
		C01FCF5008A954540054247B /* Release */ = {
			isa = XCBuildConfiguration;
			buildSettings = {
				ALWAYS_SEARCH_USER_PATHS = NO;
				ARCHS = i386;
				CINDER_PATH = ../../../;
				CLANG_CXX_LANGUAGE_STANDARD = "c++0x";
				CLANG_CXX_LIBRARY = "libc++";
				GCC_WARN_ABOUT_RETURN_TYPE = YES;
				GCC_WARN_UNUSED_VARIABLE = YES;
				HEADER_SEARCH_PATHS = "\"$(CINDER_PATH)/boost\"";
				MACOSX_DEPLOYMENT_TARGET = 10.7;
				USER_HEADER_SEARCH_PATHS = "\"$(CINDER_PATH)/include\" ../include";
			};
			name = Release;
		};
/* End XCBuildConfiguration section */

/* Begin XCConfigurationList section */
		C01FCF4A08A954540054247B /* Build configuration list for PBXNativeTarget "StereoscopicRendering" */ = {
			isa = XCConfigurationList;
			buildConfigurations = (
				C01FCF4B08A954540054247B /* Debug */,
				C01FCF4C08A954540054247B /* Release */,
			);
			defaultConfigurationIsVisible = 0;
			defaultConfigurationName = Release;
		};
		C01FCF4E08A954540054247B /* Build configuration list for PBXProject "StereoscopicRendering" */ = {
			isa = XCConfigurationList;
			buildConfigurations = (
				C01FCF4F08A954540054247B /* Debug */,
				C01FCF5008A954540054247B /* Release */,
			);
			defaultConfigurationIsVisible = 0;
			defaultConfigurationName = Release;
		};
/* End XCConfigurationList section */
	};
	rootObject = 29B97313FDCFA39411CA2CEA /* Project object */;
}
